
Microsoft Visual Studio Solution File, Format Version 12.00
# Visual Studio Version 16
VisualStudioVersion = 16.0.29324.140
MinimumVisualStudioVersion = 10.0.40219.1
Project("{FAE04EC0-301F-11D3-BF4B-00C04F79EFBC}") = "GTARPGClient", "GTARPG\GTARPGClient.csproj", "{63DDA19E-C4E4-46AC-BB6C-B0411152D3DE}"
	ProjectSection(ProjectDependencies) = postProject
		{DF976277-500A-4680-8542-AC2CB7486EC7} = {DF976277-500A-4680-8542-AC2CB7486EC7}
	EndProjectSection
EndProject
Project("{FAE04EC0-301F-11D3-BF4B-00C04F79EFBC}") = "GTARPGServer", "GTARPGServer\GTARPGServer.csproj", "{DF976277-500A-4680-8542-AC2CB7486EC7}"
EndProject
Global
	GlobalSection(SolutionConfigurationPlatforms) = preSolution
		Debug|Any CPU = Debug|Any CPU
		Release|Any CPU = Release|Any CPU
	EndGlobalSection
	GlobalSection(ProjectConfigurationPlatforms) = postSolution
		{63DDA19E-C4E4-46AC-BB6C-B0411152D3DE}.Debug|Any CPU.ActiveCfg = Debug|Any CPU
		{63DDA19E-C4E4-46AC-BB6C-B0411152D3DE}.Debug|Any CPU.Build.0 = Debug|Any CPU
		{63DDA19E-C4E4-46AC-BB6C-B0411152D3DE}.Release|Any CPU.ActiveCfg = Release|Any CPU
		{63DDA19E-C4E4-46AC-BB6C-B0411152D3DE}.Release|Any CPU.Build.0 = Release|Any CPU
		{DF976277-500A-4680-8542-AC2CB7486EC7}.Debug|Any CPU.ActiveCfg = Debug|Any CPU
		{DF976277-500A-4680-8542-AC2CB7486EC7}.Debug|Any CPU.Build.0 = Debug|Any CPU
		{DF976277-500A-4680-8542-AC2CB7486EC7}.Release|Any CPU.ActiveCfg = Release|Any CPU
		{DF976277-500A-4680-8542-AC2CB7486EC7}.Release|Any CPU.Build.0 = Release|Any CPU
	EndGlobalSection
	GlobalSection(SolutionProperties) = preSolution
		HideSolutionNode = FALSE
	EndGlobalSection
	GlobalSection(ExtensibilityGlobals) = postSolution
		SolutionGuid = {5FE5E27D-2AA8-4887-9A1F-D0165BA72365}
	EndGlobalSection
EndGlobal
